
Microsoft Visual Studio Solution File, Format Version 12.00
Project("{FAE04EC0-301F-11D3-BF4B-00C04F79EFBC}") = "Mission4", "Mission4.csproj", "{CC85E7FB-2BD7-4FE7-9FE6-F642D88E507B}"
EndProject
Global
	GlobalSection(SolutionConfigurationPlatforms) = preSolution
		Debug|Any CPU = Debug|Any CPU
		Release|Any CPU = Release|Any CPU
	EndGlobalSection
	GlobalSection(ProjectConfigurationPlatforms) = postSolution
		{CC85E7FB-2BD7-4FE7-9FE6-F642D88E507B}.Debug|Any CPU.ActiveCfg = Debug|Any CPU
		{CC85E7FB-2BD7-4FE7-9FE6-F642D88E507B}.Debug|Any CPU.Build.0 = Debug|Any CPU
		{CC85E7FB-2BD7-4FE7-9FE6-F642D88E507B}.Release|Any CPU.ActiveCfg = Release|Any CPU
		{CC85E7FB-2BD7-4FE7-9FE6-F642D88E507B}.Release|Any CPU.Build.0 = Release|Any CPU
	EndGlobalSection
EndGlobal
